
Microsoft Visual Studio Solution File, Format Version 12.00
# Visual Studio Version 16
VisualStudioVersion = 16.0.30011.22
MinimumVisualStudioVersion = 10.0.40219.1
Project("{FAE04EC0-301F-11D3-BF4B-00C04F79EFBC}") = "Covid_19_statistics_json_deserialize", "Covid_19_statistics_json_deserialize\Covid_19_statistics_json_deserialize.csproj", "{BDEF81A9-841E-4B99-A8FF-7DD5EB4044B6}"
EndProject
Global
	GlobalSection(SolutionConfigurationPlatforms) = preSolution
		Debug|Any CPU = Debug|Any CPU
		Release|Any CPU = Release|Any CPU
	EndGlobalSection
	GlobalSection(ProjectConfigurationPlatforms) = postSolution
		{BDEF81A9-841E-4B99-A8FF-7DD5EB4044B6}.Debug|Any CPU.ActiveCfg = Debug|Any CPU
		{BDEF81A9-841E-4B99-A8FF-7DD5EB4044B6}.Debug|Any CPU.Build.0 = Debug|Any CPU
		{BDEF81A9-841E-4B99-A8FF-7DD5EB4044B6}.Release|Any CPU.ActiveCfg = Release|Any CPU
		{BDEF81A9-841E-4B99-A8FF-7DD5EB4044B6}.Release|Any CPU.Build.0 = Release|Any CPU
	EndGlobalSection
	GlobalSection(SolutionProperties) = preSolution
		HideSolutionNode = FALSE
	EndGlobalSection
	GlobalSection(ExtensibilityGlobals) = postSolution
		SolutionGuid = {6FB89E8A-D873-42AD-AE75-D1679C4E0D08}
	EndGlobalSection
EndGlobal
